
Microsoft Visual Studio Solution File, Format Version 12.00
# Visual Studio Version 17
VisualStudioVersion = 17.4.33213.308
MinimumVisualStudioVersion = 10.0.40219.1
Project("{FAE04EC0-301F-11D3-BF4B-00C04F79EFBC}") = "ZombieYouTubeDownload", "ZombieYouTubeDownload\ZombieYouTubeDownload.csproj", "{14609FF0-A371-438A-BDC0-F795A769D332}"
EndProject
Global
	GlobalSection(SolutionConfigurationPlatforms) = preSolution
		Debug|Any CPU = Debug|Any CPU
		Release|Any CPU = Release|Any CPU
	EndGlobalSection
	GlobalSection(ProjectConfigurationPlatforms) = postSolution
		{14609FF0-A371-438A-BDC0-F795A769D332}.Debug|Any CPU.ActiveCfg = Debug|Any CPU
		{14609FF0-A371-438A-BDC0-F795A769D332}.Debug|Any CPU.Build.0 = Debug|Any CPU
		{14609FF0-A371-438A-BDC0-F795A769D332}.Release|Any CPU.ActiveCfg = Release|Any CPU
		{14609FF0-A371-438A-BDC0-F795A769D332}.Release|Any CPU.Build.0 = Release|Any CPU
	EndGlobalSection
	GlobalSection(SolutionProperties) = preSolution
		HideSolutionNode = FALSE
	EndGlobalSection
	GlobalSection(ExtensibilityGlobals) = postSolution
		SolutionGuid = {8D56F06C-DFAB-429E-8FE0-D594DE01E509}
	EndGlobalSection
EndGlobal
